// !$*UTF8*$!
{
	archiveVersion = 1;
	classes = {
	};
	objectVersion = 46;
	objects = {

/* Begin PBXBuildFile section */
		C7D0B5F41C7505A300287FFF /* AppDelegate.swift in Sources */ = {isa = PBXBuildFile; fileRef = C7D0B5F31C7505A300287FFF /* AppDelegate.swift */; };
		C7D0B5F61C7505A300287FFF /* ViewController.swift in Sources */ = {isa = PBXBuildFile; fileRef = C7D0B5F51C7505A300287FFF /* ViewController.swift */; };
		C7D0B5F91C7505A300287FFF /* Main.storyboard in Resources */ = {isa = PBXBuildFile; fileRef = C7D0B5F71C7505A300287FFF /* Main.storyboard */; };
		C7D0B5FB1C7505A300287FFF /* Assets.xcassets in Resources */ = {isa = PBXBuildFile; fileRef = C7D0B5FA1C7505A300287FFF /* Assets.xcassets */; };
		C7D0B5FE1C7505A300287FFF /* LaunchScreen.storyboard in Resources */ = {isa = PBXBuildFile; fileRef = C7D0B5FC1C7505A300287FFF /* LaunchScreen.storyboard */; };
		C7D0B6061C75063600287FFF /* TipCalculatorModel.swift in Sources */ = {isa = PBXBuildFile; fileRef = C7D0B6051C75063600287FFF /* TipCalculatorModel.swift */; };
/* End PBXBuildFile section */

/* Begin PBXFileReference section */
		C7D0B5F01C7505A300287FFF /* Tip_Calculator.app */ = {isa = PBXFileReference; explicitFileType = wrapper.application; includeInIndex = 0; path = Tip_Calculator.app; sourceTree = BUILT_PRODUCTS_DIR; };
		C7D0B5F31C7505A300287FFF /* AppDelegate.swift */ = {isa = PBXFileReference; lastKnownFileType = sourcecode.swift; path = AppDelegate.swift; sourceTree = "<group>"; };
		C7D0B5F51C7505A300287FFF /* ViewController.swift */ = {isa = PBXFileReference; lastKnownFileType = sourcecode.swift; path = ViewController.swift; sourceTree = "<group>"; };
		C7D0B5F81C7505A300287FFF /* Base */ = {isa = PBXFileReference; lastKnownFileType = file.storyboard; name = Base; path = Base.lproj/Main.storyboard; sourceTree = "<group>"; };
		C7D0B5FA1C7505A300287FFF /* Assets.xcassets */ = {isa = PBXFileReference; lastKnownFileType = folder.assetcatalog; path = Assets.xcassets; sourceTree = "<group>"; };
		C7D0B5FD1C7505A300287FFF /* Base */ = {isa = PBXFileReference; lastKnownFileType = file.storyboard; name = Base; path = Base.lproj/LaunchScreen.storyboard; sourceTree = "<group>"; };
		C7D0B5FF1C7505A300287FFF /* Info.plist */ = {isa = PBXFileReference; lastKnownFileType = text.plist.xml; path = Info.plist; sourceTree = "<group>"; };
		C7D0B6051C75063600287FFF /* TipCalculatorModel.swift */ = {isa = PBXFileReference; fileEncoding = 4; lastKnownFileType = sourcecode.swift; path = TipCalculatorModel.swift; sourceTree = "<group>"; };
/* End PBXFileReference section */

/* Begin PBXFrameworksBuildPhase section */
		C7D0B5ED1C7505A300287FFF /* Frameworks */ = {
			isa = PBXFrameworksBuildPhase;
			buildActionMask = 2147483647;
			files = (
			);
			runOnlyForDeploymentPostprocessing = 0;
		};
/* End PBXFrameworksBuildPhase section */

/* Begin PBXGroup section */
		C7D0B5E71C7505A300287FFF = {
			isa = PBXGroup;
			children = (
				C7D0B6051C75063600287FFF /* TipCalculatorModel.swift */,
				C7D0B5F21C7505A300287FFF /* Tip_Calculator */,
				C7D0B5F11C7505A300287FFF /* Products */,
			);
			sourceTree = "<group>";
		};
		C7D0B5F11C7505A300287FFF /* Products */ = {
			isa = PBXGroup;
			children = (
				C7D0B5F01C7505A300287FFF /* Tip_Calculator.app */,
			);
			name = Products;
			sourceTree = "<group>";
		};
		C7D0B5F21C7505A300287FFF /* Tip_Calculator */ = {
			isa = PBXGroup;
			children = (
				C7D0B5F31C7505A300287FFF /* AppDelegate.swift */,
				C7D0B5F51C7505A300287FFF /* ViewController.swift */,
				C7D0B5F71C7505A300287FFF /* Main.storyboard */,
				C7D0B5FA1C7505A300287FFF /* Assets.xcassets */,
				C7D0B5FC1C7505A300287FFF /* LaunchScreen.storyboard */,
				C7D0B5FF1C7505A300287FFF /* Info.plist */,
			);
			path = Tip_Calculator;
			sourceTree = "<group>";
		};
/* End PBXGroup section */

/* Begin PBXNativeTarget section */
		C7D0B5EF1C7505A300287FFF /* Tip_Calculator */ = {
			isa = PBXNativeTarget;
			buildConfigurationList = C7D0B6021C7505A300287FFF /* Build configuration list for PBXNativeTarget "Tip_Calculator" */;
			buildPhases = (
				C7D0B5EC1C7505A300287FFF /* Sources */,
				C7D0B5ED1C7505A300287FFF /* Frameworks */,
				C7D0B5EE1C7505A300287FFF /* Resources */,
			);
			buildRules = (
			);
			dependencies = (
			);
			name = Tip_Calculator;
			productName = Tip_Calculator;
			productReference = C7D0B5F01C7505A300287FFF /* Tip_Calculator.app */;
			productType = "com.apple.product-type.application";
		};
/* End PBXNativeTarget section */

/* Begin PBXProject section */
		C7D0B5E81C7505A300287FFF /* Project object */ = {
			isa = PBXProject;
			attributes = {
				LastSwiftUpdateCheck = 0720;
				LastUpgradeCheck = 0720;
				ORGANIZATIONNAME = "CSLY Corp";
				TargetAttributes = {
					C7D0B5EF1C7505A300287FFF = {
						CreatedOnToolsVersion = 7.2.1;
					};
				};
			};
			buildConfigurationList = C7D0B5EB1C7505A300287FFF /* Build configuration list for PBXProject "Tip_Calculator" */;
			compatibilityVersion = "Xcode 3.2";
			developmentRegion = English;
			hasScannedForEncodings = 0;
			knownRegions = (
				en,
				Base,
			);
			mainGroup = C7D0B5E71C7505A300287FFF;
			productRefGroup = C7D0B5F11C7505A300287FFF /* Products */;
			projectDirPath = "";
			projectRoot = "";
			targets = (
				C7D0B5EF1C7505A300287FFF /* Tip_Calculator */,
			);
		};
/* End PBXProject section */

/* Begin PBXResourcesBuildPhase section */
		C7D0B5EE1C7505A300287FFF /* Resources */ = {
			isa = PBXResourcesBuildPhase;
			buildActionMask = 2147483647;
			files = (
				C7D0B5FE1C7505A300287FFF /* LaunchScreen.storyboard in Resources */,
				C7D0B5FB1C7505A300287FFF /* Assets.xcassets in Resources */,
				C7D0B5F91C7505A300287FFF /* Main.storyboard in Resources */,
			);
			runOnlyForDeploymentPostprocessing = 0;
		};
/* End PBXResourcesBuildPhase section */

/* Begin PBXSourcesBuildPhase section */
		C7D0B5EC1C7505A300287FFF /* Sources */ = {
			isa = PBXSourcesBuildPhase;
			buildActionMask = 2147483647;
			files = (
				C7D0B6061C75063600287FFF /* TipCalculatorModel.swift in Sources */,
				C7D0B5F61C7505A300287FFF /* ViewController.swift in Sources */,
				C7D0B5F41C7505A300287FFF /* AppDelegate.swift in Sources */,
			);
			runOnlyForDeploymentPostprocessing = 0;
		};
/* End PBXSourcesBuildPhase section */

/* Begin PBXVariantGroup section */
		C7D0B5F71C7505A300287FFF /* Main.storyboard */ = {
			isa = PBXVariantGroup;
			children = (
				C7D0B5F81C7505A300287FFF /* Base */,
			);
			name = Main.storyboard;
			sourceTree = "<group>";
		};
		C7D0B5FC1C7505A300287FFF /* LaunchScreen.storyboard */ = {
			isa = PBXVariantGroup;
			children = (
				C7D0B5FD1C7505A300287FFF /* Base */,
			);
			name = LaunchScreen.storyboard;
			sourceTree = "<group>";
		};
/* End PBXVariantGroup section */

/* Begin XCBuildConfiguration section */
		C7D0B6001C7505A300287FFF /* Debug */ = {
			isa = XCBuildConfiguration;
			buildSettings = {
				ALWAYS_SEARCH_USER_PATHS = NO;
				CLANG_CXX_LANGUAGE_STANDARD = "gnu++0x";
				CLANG_CXX_LIBRARY = "libc++";
				CLANG_ENABLE_MODULES = YES;
				CLANG_ENABLE_OBJC_ARC = YES;
				CLANG_WARN_BOOL_CONVERSION = YES;
				CLANG_WARN_CONSTANT_CONVERSION = YES;
				CLANG_WARN_DIRECT_OBJC_ISA_USAGE = YES_ERROR;
				CLANG_WARN_EMPTY_BODY = YES;
				CLANG_WARN_ENUM_CONVERSION = YES;
				CLANG_WARN_INT_CONVERSION = YES;
				CLANG_WARN_OBJC_ROOT_CLASS = YES_ERROR;
				CLANG_WARN_UNREACHABLE_CODE = YES;
				CLANG_WARN__DUPLICATE_METHOD_MATCH = YES;
				"CODE_SIGN_IDENTITY[sdk=iphoneos*]" = "iPhone Developer";
				COPY_PHASE_STRIP = NO;
				DEBUG_INFORMATION_FORMAT = dwarf;
				ENABLE_STRICT_OBJC_MSGSEND = YES;
				ENABLE_TESTABILITY = YES;
				GCC_C_LANGUAGE_STANDARD = gnu99;
				GCC_DYNAMIC_NO_PIC = NO;
				GCC_NO_COMMON_BLOCKS = YES;
				GCC_OPTIMIZATION_LEVEL = 0;
				GCC_PREPROCESSOR_DEFINITIONS = (
					"DEBUG=1",
					"$(inherited)",
				);
				GCC_WARN_64_TO_32_BIT_CONVERSION = YES;
				GCC_WARN_ABOUT_RETURN_TYPE = YES_ERROR;
				GCC_WARN_UNDECLARED_SELECTOR = YES;
				GCC_WARN_UNINITIALIZED_AUTOS = YES_AGGRESSIVE;
				GCC_WARN_UNUSED_FUNCTION = YES;
				GCC_WARN_UNUSED_VARIABLE = YES;
				IPHONEOS_DEPLOYMENT_TARGET = 9.2;
				MTL_ENABLE_DEBUG_INFO = YES;
				ONLY_ACTIVE_ARCH = YES;
				SDKROOT = iphoneos;
				SWIFT_OPTIMIZATION_LEVEL = "-Onone";
			};
			name = Debug;
		};
		C7D0B6011C7505A300287FFF /* Release */ = {
			isa = XCBuildConfiguration;
			buildSettings = {
				ALWAYS_SEARCH_USER_PATHS = NO;
				CLANG_CXX_LANGUAGE_STANDARD = "gnu++0x";
				CLANG_CXX_LIBRARY = "libc++";
				CLANG_ENABLE_MODULES = YES;
				CLANG_ENABLE_OBJC_ARC = YES;
				CLANG_WARN_BOOL_CONVERSION = YES;
				CLANG_WARN_CONSTANT_CONVERSION = YES;
				CLANG_WARN_DIRECT_OBJC_ISA_USAGE = YES_ERROR;
				CLANG_WARN_EMPTY_BODY = YES;
				CLANG_WARN_ENUM_CONVERSION = YES;
				CLANG_WARN_INT_CONVERSION = YES;
				CLANG_WARN_OBJC_ROOT_CLASS = YES_ERROR;
				CLANG_WARN_UNREACHABLE_CODE = YES;
				CLANG_WARN__DUPLICATE_METHOD_MATCH = YES;
				"CODE_SIGN_IDENTITY[sdk=iphoneos*]" = "iPhone Developer";
				COPY_PHASE_STRIP = NO;
				DEBUG_INFORMATION_FORMAT = "dwarf-with-dsym";
				ENABLE_NS_ASSERTIONS = NO;
				ENABLE_STRICT_OBJC_MSGSEND = YES;
				GCC_C_LANGUAGE_STANDARD = gnu99;
				GCC_NO_COMMON_BLOCKS = YES;
				GCC_WARN_64_TO_32_BIT_CONVERSION = YES;
				GCC_WARN_ABOUT_RETURN_TYPE = YES_ERROR;
				GCC_WARN_UNDECLARED_SELECTOR = YES;
				GCC_WARN_UNINITIALIZED_AUTOS = YES_AGGRESSIVE;
				GCC_WARN_UNUSED_FUNCTION = YES;
				GCC_WARN_UNUSED_VARIABLE = YES;
				IPHONEOS_DEPLOYMENT_TARGET = 9.2;
				MTL_ENABLE_DEBUG_INFO = NO;
				SDKROOT = iphoneos;
				VALIDATE_PRODUCT = YES;
			};
			name = Release;
		};
		C7D0B6031C7505A300287FFF /* Debug */ = {
			isa = XCBuildConfiguration;
			buildSettings = {
				ASSETCATALOG_COMPILER_APPICON_NAME = AppIcon;
				INFOPLIST_FILE = Tip_Calculator/Info.plist;
				LD_RUNPATH_SEARCH_PATHS = "$(inherited) @executable_path/Frameworks";
				PRODUCT_BUNDLE_IDENTIFIER = "com.CSLY.Tip-Calculator";
				PRODUCT_NAME = "$(TARGET_NAME)";
			};
			name = Debug;
		};
		C7D0B6041C7505A300287FFF /* Release */ = {
			isa = XCBuildConfiguration;
			buildSettings = {
				ASSETCATALOG_COMPILER_APPICON_NAME = AppIcon;
				INFOPLIST_FILE = Tip_Calculator/Info.plist;
				LD_RUNPATH_SEARCH_PATHS = "$(inherited) @executable_path/Frameworks";
				PRODUCT_BUNDLE_IDENTIFIER = "com.CSLY.Tip-Calculator";
				PRODUCT_NAME = "$(TARGET_NAME)";
			};
			name = Release;
		};
/* End XCBuildConfiguration section */

/* Begin XCConfigurationList section */
		C7D0B5EB1C7505A300287FFF /* Build configuration list for PBXProject "Tip_Calculator" */ = {
			isa = XCConfigurationList;
			buildConfigurations = (
				C7D0B6001C7505A300287FFF /* Debug */,
				C7D0B6011C7505A300287FFF /* Release */,
			);
			defaultConfigurationIsVisible = 0;
			defaultConfigurationName = Release;
		};
		C7D0B6021C7505A300287FFF /* Build configuration list for PBXNativeTarget "Tip_Calculator" */ = {
			isa = XCConfigurationList;
			buildConfigurations = (
				C7D0B6031C7505A300287FFF /* Debug */,
				C7D0B6041C7505A300287FFF /* Release */,
			);
			defaultConfigurationIsVisible = 0;
		};
/* End XCConfigurationList section */
	};
	rootObject = C7D0B5E81C7505A300287FFF /* Project object */;
}
